
Microsoft Visual Studio Solution File, Format Version 12.00
# Visual Studio Version 17
VisualStudioVersion = 17.1.31911.260
MinimumVisualStudioVersion = 10.0.40219.1
Project("{9A19103F-16F7-4668-BE54-9A1E7A4F7556}") = "libanvl.monkey.core", "libanvl.monkey.core\libanvl.monkey.core.csproj", "{A2467784-BF03-4622-AFF6-8F13B1D16294}"
EndProject
Project("{9A19103F-16F7-4668-BE54-9A1E7A4F7556}") = "libanvl.monkey.theme.futureimperfect", "libanvl.monkey.theme.futureimperfect\libanvl.monkey.theme.futureimperfect.csproj", "{6F2044A8-0649-4680-A6F6-F76743FD2991}"
EndProject
Project("{2150E333-8FDC-42A3-9474-1A3956D46DE8}") = "Solution Items", "Solution Items", "{C180001E-53B9-4577-80EA-5321CC739444}"
	ProjectSection(SolutionItems) = preProject
		.editorconfig = .editorconfig
		Directory.Build.props = Directory.Build.props
		Packages.props = Packages.props
		README.md = README.md
		version.json = version.json
	EndProjectSection
EndProject
Project("{9A19103F-16F7-4668-BE54-9A1E7A4F7556}") = "libanvl.monkey.theme.parts", "libanvl.monkey.theme.parts\libanvl.monkey.theme.parts.csproj", "{AF49DDDE-FB0A-40C4-ACB3-9CEBE087E430}"
EndProject
Project("{9A19103F-16F7-4668-BE54-9A1E7A4F7556}") = "libanvl.monkey.site", "libanvl.monkey.site\libanvl.monkey.site.csproj", "{89D48FFC-A02C-486D-8D71-9E608AD22FC5}"
EndProject
Project("{9A19103F-16F7-4668-BE54-9A1E7A4F7556}") = "libanvl.monkey.metal", "libanvl.monkey.metal\libanvl.monkey.metal.csproj", "{033F8C39-E942-45BB-896C-E3CFD69D85A1}"
EndProject
Project("{2150E333-8FDC-42A3-9474-1A3956D46DE8}") = "test", "test", "{7BF8C652-8F1C-4017-A946-55CD1F3B70A7}"
EndProject
Project("{9A19103F-16F7-4668-BE54-9A1E7A4F7556}") = "libanvl.monkey.github.test", "test\libanvl.monkey.github.test\libanvl.monkey.github.test.csproj", "{FC89D357-313C-4ADD-99BD-4ADFD4EEF850}"
EndProject
Project("{9A19103F-16F7-4668-BE54-9A1E7A4F7556}") = "libanvl.monkey.syntaxhighlight.demo", "test\libanvl.monkey.syntaxhighlight.demo\libanvl.monkey.syntaxhighlight.demo.csproj", "{B3B08EBF-93C6-4E1E-8328-1381F2308063}"
EndProject
Global
	GlobalSection(SolutionConfigurationPlatforms) = preSolution
		Debug|Any CPU = Debug|Any CPU
		Release|Any CPU = Release|Any CPU
	EndGlobalSection
	GlobalSection(ProjectConfigurationPlatforms) = postSolution
		{A2467784-BF03-4622-AFF6-8F13B1D16294}.Debug|Any CPU.ActiveCfg = Debug|Any CPU
		{A2467784-BF03-4622-AFF6-8F13B1D16294}.Debug|Any CPU.Build.0 = Debug|Any CPU
		{A2467784-BF03-4622-AFF6-8F13B1D16294}.Release|Any CPU.ActiveCfg = Release|Any CPU
		{A2467784-BF03-4622-AFF6-8F13B1D16294}.Release|Any CPU.Build.0 = Release|Any CPU
		{6F2044A8-0649-4680-A6F6-F76743FD2991}.Debug|Any CPU.ActiveCfg = Debug|Any CPU
		{6F2044A8-0649-4680-A6F6-F76743FD2991}.Debug|Any CPU.Build.0 = Debug|Any CPU
		{6F2044A8-0649-4680-A6F6-F76743FD2991}.Release|Any CPU.ActiveCfg = Release|Any CPU
		{6F2044A8-0649-4680-A6F6-F76743FD2991}.Release|Any CPU.Build.0 = Release|Any CPU
		{AF49DDDE-FB0A-40C4-ACB3-9CEBE087E430}.Debug|Any CPU.ActiveCfg = Debug|Any CPU
		{AF49DDDE-FB0A-40C4-ACB3-9CEBE087E430}.Debug|Any CPU.Build.0 = Debug|Any CPU
		{AF49DDDE-FB0A-40C4-ACB3-9CEBE087E430}.Release|Any CPU.ActiveCfg = Release|Any CPU
		{AF49DDDE-FB0A-40C4-ACB3-9CEBE087E430}.Release|Any CPU.Build.0 = Release|Any CPU
		{89D48FFC-A02C-486D-8D71-9E608AD22FC5}.Debug|Any CPU.ActiveCfg = Debug|Any CPU
		{89D48FFC-A02C-486D-8D71-9E608AD22FC5}.Debug|Any CPU.Build.0 = Debug|Any CPU
		{89D48FFC-A02C-486D-8D71-9E608AD22FC5}.Release|Any CPU.ActiveCfg = Release|Any CPU
		{89D48FFC-A02C-486D-8D71-9E608AD22FC5}.Release|Any CPU.Build.0 = Release|Any CPU
		{033F8C39-E942-45BB-896C-E3CFD69D85A1}.Debug|Any CPU.ActiveCfg = Debug|Any CPU
		{033F8C39-E942-45BB-896C-E3CFD69D85A1}.Debug|Any CPU.Build.0 = Debug|Any CPU
		{033F8C39-E942-45BB-896C-E3CFD69D85A1}.Release|Any CPU.ActiveCfg = Release|Any CPU
		{033F8C39-E942-45BB-896C-E3CFD69D85A1}.Release|Any CPU.Build.0 = Release|Any CPU
		{FC89D357-313C-4ADD-99BD-4ADFD4EEF850}.Debug|Any CPU.ActiveCfg = Debug|Any CPU
		{FC89D357-313C-4ADD-99BD-4ADFD4EEF850}.Debug|Any CPU.Build.0 = Debug|Any CPU
		{FC89D357-313C-4ADD-99BD-4ADFD4EEF850}.Release|Any CPU.ActiveCfg = Release|Any CPU
		{FC89D357-313C-4ADD-99BD-4ADFD4EEF850}.Release|Any CPU.Build.0 = Release|Any CPU
		{B3B08EBF-93C6-4E1E-8328-1381F2308063}.Debug|Any CPU.ActiveCfg = Debug|Any CPU
		{B3B08EBF-93C6-4E1E-8328-1381F2308063}.Debug|Any CPU.Build.0 = Debug|Any CPU
		{B3B08EBF-93C6-4E1E-8328-1381F2308063}.Release|Any CPU.ActiveCfg = Release|Any CPU
		{B3B08EBF-93C6-4E1E-8328-1381F2308063}.Release|Any CPU.Build.0 = Release|Any CPU
	EndGlobalSection
	GlobalSection(SolutionProperties) = preSolution
		HideSolutionNode = FALSE
	EndGlobalSection
	GlobalSection(NestedProjects) = preSolution
		{FC89D357-313C-4ADD-99BD-4ADFD4EEF850} = {7BF8C652-8F1C-4017-A946-55CD1F3B70A7}
		{B3B08EBF-93C6-4E1E-8328-1381F2308063} = {7BF8C652-8F1C-4017-A946-55CD1F3B70A7}
	EndGlobalSection
	GlobalSection(ExtensibilityGlobals) = postSolution
		SolutionGuid = {91508BAB-0255-4320-AE2B-793CA3DBA10E}
	EndGlobalSection
EndGlobal
